
Microsoft Visual Studio Solution File, Format Version 12.00
# Visual Studio Version 17
VisualStudioVersion = 17.12.35707.178
MinimumVisualStudioVersion = 10.0.40219.1
Project("{FAE04EC0-301F-11D3-BF4B-00C04F79EFBC}") = "MoscowZooCleanArch.Domain", "MoscowZooCleanArch.Domain\MoscowZooCleanArch.Domain.csproj", "{C8B0B9E5-5F1F-43C4-9EC1-BF2D13546236}"
EndProject
Project("{FAE04EC0-301F-11D3-BF4B-00C04F79EFBC}") = "MoscowZooCleanArch.Application", "MoscowZooCleanArch.Application\MoscowZooCleanArch.Application.csproj", "{5E24BAC6-9DE3-4288-9C7A-901679956ECC}"
EndProject
Project("{FAE04EC0-301F-11D3-BF4B-00C04F79EFBC}") = "MoscowZooCleanArch.Infrastructure", "MoscowZooCleanArch.Infrastructure\MoscowZooCleanArch.Infrastructure.csproj", "{D21B61B1-4F9C-455D-9DDE-83CBB546ACA6}"
EndProject
Project("{FAE04EC0-301F-11D3-BF4B-00C04F79EFBC}") = "MoscowZooCleanArch.Presentation", "MoscowZooCleanArch.Presentation\MoscowZooCleanArch.Presentation.csproj", "{07DEC28D-EB7A-4B90-ABFC-798E6A491731}"
EndProject
Project("{FAE04EC0-301F-11D3-BF4B-00C04F79EFBC}") = "MoscowZooCleanArch.Test", "MoscowZooCleanArch.Test\MoscowZooCleanArch.Test.csproj", "{15B251B0-E616-4313-A7FE-888346077F75}"
EndProject
Global
	GlobalSection(SolutionConfigurationPlatforms) = preSolution
		Debug|Any CPU = Debug|Any CPU
		Release|Any CPU = Release|Any CPU
	EndGlobalSection
	GlobalSection(ProjectConfigurationPlatforms) = postSolution
		{C8B0B9E5-5F1F-43C4-9EC1-BF2D13546236}.Debug|Any CPU.ActiveCfg = Debug|Any CPU
		{C8B0B9E5-5F1F-43C4-9EC1-BF2D13546236}.Debug|Any CPU.Build.0 = Debug|Any CPU
		{C8B0B9E5-5F1F-43C4-9EC1-BF2D13546236}.Release|Any CPU.ActiveCfg = Release|Any CPU
		{C8B0B9E5-5F1F-43C4-9EC1-BF2D13546236}.Release|Any CPU.Build.0 = Release|Any CPU
		{5E24BAC6-9DE3-4288-9C7A-901679956ECC}.Debug|Any CPU.ActiveCfg = Debug|Any CPU
		{5E24BAC6-9DE3-4288-9C7A-901679956ECC}.Debug|Any CPU.Build.0 = Debug|Any CPU
		{5E24BAC6-9DE3-4288-9C7A-901679956ECC}.Release|Any CPU.ActiveCfg = Release|Any CPU
		{5E24BAC6-9DE3-4288-9C7A-901679956ECC}.Release|Any CPU.Build.0 = Release|Any CPU
		{D21B61B1-4F9C-455D-9DDE-83CBB546ACA6}.Debug|Any CPU.ActiveCfg = Debug|Any CPU
		{D21B61B1-4F9C-455D-9DDE-83CBB546ACA6}.Debug|Any CPU.Build.0 = Debug|Any CPU
		{D21B61B1-4F9C-455D-9DDE-83CBB546ACA6}.Release|Any CPU.ActiveCfg = Release|Any CPU
		{D21B61B1-4F9C-455D-9DDE-83CBB546ACA6}.Release|Any CPU.Build.0 = Release|Any CPU
		{07DEC28D-EB7A-4B90-ABFC-798E6A491731}.Debug|Any CPU.ActiveCfg = Debug|Any CPU
		{07DEC28D-EB7A-4B90-ABFC-798E6A491731}.Debug|Any CPU.Build.0 = Debug|Any CPU
		{07DEC28D-EB7A-4B90-ABFC-798E6A491731}.Release|Any CPU.ActiveCfg = Release|Any CPU
		{07DEC28D-EB7A-4B90-ABFC-798E6A491731}.Release|Any CPU.Build.0 = Release|Any CPU
		{15B251B0-E616-4313-A7FE-888346077F75}.Debug|Any CPU.ActiveCfg = Debug|Any CPU
		{15B251B0-E616-4313-A7FE-888346077F75}.Debug|Any CPU.Build.0 = Debug|Any CPU
		{15B251B0-E616-4313-A7FE-888346077F75}.Release|Any CPU.ActiveCfg = Release|Any CPU
		{15B251B0-E616-4313-A7FE-888346077F75}.Release|Any CPU.Build.0 = Release|Any CPU
	EndGlobalSection
	GlobalSection(SolutionProperties) = preSolution
		HideSolutionNode = FALSE
	EndGlobalSection
EndGlobal
